// !$*UTF8*$!
{
	archiveVersion = 1;
	classes = {
	};
	objectVersion = 48;
	objects = {

/* Begin PBXBuildFile section */
		F2C6C7A41FB452BA00CA7616 /* AppDelegate.m in Sources */ = {isa = PBXBuildFile; fileRef = F2C6C7A31FB452BA00CA7616 /* AppDelegate.m */; };
		F2C6C7A71FB452BA00CA7616 /* ViewController.m in Sources */ = {isa = PBXBuildFile; fileRef = F2C6C7A61FB452BA00CA7616 /* ViewController.m */; };
		F2C6C7AA1FB452BA00CA7616 /* Main.storyboard in Resources */ = {isa = PBXBuildFile; fileRef = F2C6C7A81FB452BA00CA7616 /* Main.storyboard */; };
		F2C6C7AC1FB452BA00CA7616 /* Assets.xcassets in Resources */ = {isa = PBXBuildFile; fileRef = F2C6C7AB1FB452BA00CA7616 /* Assets.xcassets */; };
		F2C6C7AF1FB452BA00CA7616 /* LaunchScreen.storyboard in Resources */ = {isa = PBXBuildFile; fileRef = F2C6C7AD1FB452BA00CA7616 /* LaunchScreen.storyboard */; };
		F2C6C7B21FB452BA00CA7616 /* main.m in Sources */ = {isa = PBXBuildFile; fileRef = F2C6C7B11FB452BA00CA7616 /* main.m */; };
		F2C6C7BA1FB452EB00CA7616 /* RWAllInformationTypeView.m in Sources */ = {isa = PBXBuildFile; fileRef = F2C6C7B81FB452EA00CA7616 /* RWAllInformationTypeView.m */; };
		F2C6C7BD1FB4532200CA7616 /* RWInformationBtn.m in Sources */ = {isa = PBXBuildFile; fileRef = F2C6C7BB1FB4532200CA7616 /* RWInformationBtn.m */; };
		F2C6C7C01FB4533F00CA7616 /* RWInformationView.m in Sources */ = {isa = PBXBuildFile; fileRef = F2C6C7BF1FB4533E00CA7616 /* RWInformationView.m */; };
		F2C6C7C61FB4564900CA7616 /* RWAllInformationTypeModel.m in Sources */ = {isa = PBXBuildFile; fileRef = F2C6C7C51FB4564900CA7616 /* RWAllInformationTypeModel.m */; };
		F2C6C7C91FB4566C00CA7616 /* RWInformationTypeModel.m in Sources */ = {isa = PBXBuildFile; fileRef = F2C6C7C71FB4566C00CA7616 /* RWInformationTypeModel.m */; };
		F2C6C7CC1FB4572F00CA7616 /* RWInformationTypeCell.m in Sources */ = {isa = PBXBuildFile; fileRef = F2C6C7CB1FB4572F00CA7616 /* RWInformationTypeCell.m */; };
/* End PBXBuildFile section */

/* Begin PBXFileReference section */
		F2C6C79F1FB452BA00CA7616 /* ZCFSelectTool.app */ = {isa = PBXFileReference; explicitFileType = wrapper.application; includeInIndex = 0; path = ZCFSelectTool.app; sourceTree = BUILT_PRODUCTS_DIR; };
		F2C6C7A21FB452BA00CA7616 /* AppDelegate.h */ = {isa = PBXFileReference; lastKnownFileType = sourcecode.c.h; path = AppDelegate.h; sourceTree = "<group>"; };
		F2C6C7A31FB452BA00CA7616 /* AppDelegate.m */ = {isa = PBXFileReference; lastKnownFileType = sourcecode.c.objc; path = AppDelegate.m; sourceTree = "<group>"; };
		F2C6C7A51FB452BA00CA7616 /* ViewController.h */ = {isa = PBXFileReference; lastKnownFileType = sourcecode.c.h; path = ViewController.h; sourceTree = "<group>"; };
		F2C6C7A61FB452BA00CA7616 /* ViewController.m */ = {isa = PBXFileReference; lastKnownFileType = sourcecode.c.objc; path = ViewController.m; sourceTree = "<group>"; };
		F2C6C7A91FB452BA00CA7616 /* Base */ = {isa = PBXFileReference; lastKnownFileType = file.storyboard; name = Base; path = Base.lproj/Main.storyboard; sourceTree = "<group>"; };
		F2C6C7AB1FB452BA00CA7616 /* Assets.xcassets */ = {isa = PBXFileReference; lastKnownFileType = folder.assetcatalog; path = Assets.xcassets; sourceTree = "<group>"; };
		F2C6C7AE1FB452BA00CA7616 /* Base */ = {isa = PBXFileReference; lastKnownFileType = file.storyboard; name = Base; path = Base.lproj/LaunchScreen.storyboard; sourceTree = "<group>"; };
		F2C6C7B01FB452BA00CA7616 /* Info.plist */ = {isa = PBXFileReference; lastKnownFileType = text.plist.xml; path = Info.plist; sourceTree = "<group>"; };
		F2C6C7B11FB452BA00CA7616 /* main.m */ = {isa = PBXFileReference; lastKnownFileType = sourcecode.c.objc; path = main.m; sourceTree = "<group>"; };
		F2C6C7B81FB452EA00CA7616 /* RWAllInformationTypeView.m */ = {isa = PBXFileReference; lastKnownFileType = sourcecode.c.objc; path = RWAllInformationTypeView.m; sourceTree = "<group>"; };
		F2C6C7B91FB452EB00CA7616 /* RWAllInformationTypeView.h */ = {isa = PBXFileReference; lastKnownFileType = sourcecode.c.h; path = RWAllInformationTypeView.h; sourceTree = "<group>"; };
		F2C6C7BB1FB4532200CA7616 /* RWInformationBtn.m */ = {isa = PBXFileReference; lastKnownFileType = sourcecode.c.objc; path = RWInformationBtn.m; sourceTree = "<group>"; };
		F2C6C7BC1FB4532200CA7616 /* RWInformationBtn.h */ = {isa = PBXFileReference; lastKnownFileType = sourcecode.c.h; path = RWInformationBtn.h; sourceTree = "<group>"; };
		F2C6C7BE1FB4533E00CA7616 /* RWInformationView.h */ = {isa = PBXFileReference; lastKnownFileType = sourcecode.c.h; path = RWInformationView.h; sourceTree = "<group>"; };
		F2C6C7BF1FB4533E00CA7616 /* RWInformationView.m */ = {isa = PBXFileReference; lastKnownFileType = sourcecode.c.objc; path = RWInformationView.m; sourceTree = "<group>"; };
		F2C6C7C41FB4564900CA7616 /* RWAllInformationTypeModel.h */ = {isa = PBXFileReference; lastKnownFileType = sourcecode.c.h; path = RWAllInformationTypeModel.h; sourceTree = "<group>"; };
		F2C6C7C51FB4564900CA7616 /* RWAllInformationTypeModel.m */ = {isa = PBXFileReference; lastKnownFileType = sourcecode.c.objc; path = RWAllInformationTypeModel.m; sourceTree = "<group>"; };
		F2C6C7C71FB4566C00CA7616 /* RWInformationTypeModel.m */ = {isa = PBXFileReference; lastKnownFileType = sourcecode.c.objc; path = RWInformationTypeModel.m; sourceTree = "<group>"; };
		F2C6C7C81FB4566C00CA7616 /* RWInformationTypeModel.h */ = {isa = PBXFileReference; lastKnownFileType = sourcecode.c.h; path = RWInformationTypeModel.h; sourceTree = "<group>"; };
		F2C6C7CA1FB4572F00CA7616 /* RWInformationTypeCell.h */ = {isa = PBXFileReference; lastKnownFileType = sourcecode.c.h; path = RWInformationTypeCell.h; sourceTree = "<group>"; };
		F2C6C7CB1FB4572F00CA7616 /* RWInformationTypeCell.m */ = {isa = PBXFileReference; lastKnownFileType = sourcecode.c.objc; path = RWInformationTypeCell.m; sourceTree = "<group>"; };
		F2C6C7CE1FB457F600CA7616 /* UIScrollView+MJRefresh.m */ = {isa = PBXFileReference; lastKnownFileType = sourcecode.c.objc; path = "UIScrollView+MJRefresh.m"; sourceTree = "<group>"; };
		F2C6C7CF1FB457F600CA7616 /* MJRefreshConst.m */ = {isa = PBXFileReference; lastKnownFileType = sourcecode.c.objc; path = MJRefreshConst.m; sourceTree = "<group>"; };
		F2C6C7D01FB457F600CA7616 /* UIScrollView+MJExtension.h */ = {isa = PBXFileReference; lastKnownFileType = sourcecode.c.h; path = "UIScrollView+MJExtension.h"; sourceTree = "<group>"; };
		F2C6C7D11FB457F600CA7616 /* MJRefresh.h */ = {isa = PBXFileReference; lastKnownFileType = sourcecode.c.h; path = MJRefresh.h; sourceTree = "<group>"; };
		F2C6C7D21FB457F600CA7616 /* NSBundle+MJRefresh.h */ = {isa = PBXFileReference; lastKnownFileType = sourcecode.c.h; path = "NSBundle+MJRefresh.h"; sourceTree = "<group>"; };
		F2C6C7D31FB457F600CA7616 /* MJRefresh.bundle */ = {isa = PBXFileReference; lastKnownFileType = "wrapper.plug-in"; path = MJRefresh.bundle; sourceTree = "<group>"; };
		F2C6C7D41FB457F600CA7616 /* UIView+MJExtension.h */ = {isa = PBXFileReference; lastKnownFileType = sourcecode.c.h; path = "UIView+MJExtension.h"; sourceTree = "<group>"; };
		F2C6C7D51FB457F600CA7616 /* UIScrollView+MJExtension.m */ = {isa = PBXFileReference; lastKnownFileType = sourcecode.c.objc; path = "UIScrollView+MJExtension.m"; sourceTree = "<group>"; };
		F2C6C7D61FB457F600CA7616 /* MJRefreshConst.h */ = {isa = PBXFileReference; lastKnownFileType = sourcecode.c.h; path = MJRefreshConst.h; sourceTree = "<group>"; };
		F2C6C7D71FB457F600CA7616 /* UIScrollView+MJRefresh.h */ = {isa = PBXFileReference; lastKnownFileType = sourcecode.c.h; path = "UIScrollView+MJRefresh.h"; sourceTree = "<group>"; };
		F2C6C7D81FB457F600CA7616 /* NSBundle+MJRefresh.m */ = {isa = PBXFileReference; lastKnownFileType = sourcecode.c.objc; path = "NSBundle+MJRefresh.m"; sourceTree = "<group>"; };
		F2C6C7D91FB457F600CA7616 /* UIView+MJExtension.m */ = {isa = PBXFileReference; lastKnownFileType = sourcecode.c.objc; path = "UIView+MJExtension.m"; sourceTree = "<group>"; };
		F2C6C7DD1FB457F600CA7616 /* MJRefreshBackGifFooter.h */ = {isa = PBXFileReference; lastKnownFileType = sourcecode.c.h; path = MJRefreshBackGifFooter.h; sourceTree = "<group>"; };
		F2C6C7DE1FB457F600CA7616 /* MJRefreshBackStateFooter.h */ = {isa = PBXFileReference; lastKnownFileType = sourcecode.c.h; path = MJRefreshBackStateFooter.h; sourceTree = "<group>"; };
		F2C6C7DF1FB457F600CA7616 /* MJRefreshBackNormalFooter.h */ = {isa = PBXFileReference; lastKnownFileType = sourcecode.c.h; path = MJRefreshBackNormalFooter.h; sourceTree = "<group>"; };
		F2C6C7E01FB457F600CA7616 /* MJRefreshBackGifFooter.m */ = {isa = PBXFileReference; lastKnownFileType = sourcecode.c.objc; path = MJRefreshBackGifFooter.m; sourceTree = "<group>"; };
		F2C6C7E11FB457F600CA7616 /* MJRefreshBackStateFooter.m */ = {isa = PBXFileReference; lastKnownFileType = sourcecode.c.objc; path = MJRefreshBackStateFooter.m; sourceTree = "<group>"; };
		F2C6C7E21FB457F600CA7616 /* MJRefreshBackNormalFooter.m */ = {isa = PBXFileReference; lastKnownFileType = sourcecode.c.objc; path = MJRefreshBackNormalFooter.m; sourceTree = "<group>"; };
		F2C6C7E41FB457F600CA7616 /* MJRefreshAutoStateFooter.h */ = {isa = PBXFileReference; lastKnownFileType = sourcecode.c.h; path = MJRefreshAutoStateFooter.h; sourceTree = "<group>"; };
		F2C6C7E51FB457F600CA7616 /* MJRefreshAutoNormalFooter.h */ = {isa = PBXFileReference; lastKnownFileType = sourcecode.c.h; path = MJRefreshAutoNormalFooter.h; sourceTree = "<group>"; };
		F2C6C7E61FB457F600CA7616 /* MJRefreshAutoGifFooter.h */ = {isa = PBXFileReference; lastKnownFileType = sourcecode.c.h; path = MJRefreshAutoGifFooter.h; sourceTree = "<group>"; };
		F2C6C7E71FB457F600CA7616 /* MJRefreshAutoStateFooter.m */ = {isa = PBXFileReference; lastKnownFileType = sourcecode.c.objc; path = MJRefreshAutoStateFooter.m; sourceTree = "<group>"; };
		F2C6C7E81FB457F600CA7616 /* MJRefreshAutoGifFooter.m */ = {isa = PBXFileReference; lastKnownFileType = sourcecode.c.objc; path = MJRefreshAutoGifFooter.m; sourceTree = "<group>"; };
		F2C6C7E91FB457F600CA7616 /* MJRefreshAutoNormalFooter.m */ = {isa = PBXFileReference; lastKnownFileType = sourcecode.c.objc; path = MJRefreshAutoNormalFooter.m; sourceTree = "<group>"; };
		F2C6C7EB1FB457F600CA7616 /* MJRefreshNormalHeader.m */ = {isa = PBXFileReference; lastKnownFileType = sourcecode.c.objc; path = MJRefreshNormalHeader.m; sourceTree = "<group>"; };
		F2C6C7EC1FB457F600CA7616 /* MJRefreshStateHeader.h */ = {isa = PBXFileReference; lastKnownFileType = sourcecode.c.h; path = MJRefreshStateHeader.h; sourceTree = "<group>"; };
		F2C6C7ED1FB457F600CA7616 /* MJRefreshGifHeader.h */ = {isa = PBXFileReference; lastKnownFileType = sourcecode.c.h; path = MJRefreshGifHeader.h; sourceTree = "<group>"; };
		F2C6C7EE1FB457F600CA7616 /* MJRefreshNormalHeader.h */ = {isa = PBXFileReference; lastKnownFileType = sourcecode.c.h; path = MJRefreshNormalHeader.h; sourceTree = "<group>"; };
		F2C6C7EF1FB457F600CA7616 /* MJRefreshStateHeader.m */ = {isa = PBXFileReference; lastKnownFileType = sourcecode.c.objc; path = MJRefreshStateHeader.m; sourceTree = "<group>"; };
		F2C6C7F01FB457F600CA7616 /* MJRefreshGifHeader.m */ = {isa = PBXFileReference; lastKnownFileType = sourcecode.c.objc; path = MJRefreshGifHeader.m; sourceTree = "<group>"; };
		F2C6C7F21FB457F600CA7616 /* MJRefreshFooter.m */ = {isa = PBXFileReference; lastKnownFileType = sourcecode.c.objc; path = MJRefreshFooter.m; sourceTree = "<group>"; };
		F2C6C7F31FB457F600CA7616 /* MJRefreshComponent.h */ = {isa = PBXFileReference; lastKnownFileType = sourcecode.c.h; path = MJRefreshComponent.h; sourceTree = "<group>"; };
		F2C6C7F41FB457F600CA7616 /* MJRefreshHeader.m */ = {isa = PBXFileReference; lastKnownFileType = sourcecode.c.objc; path = MJRefreshHeader.m; sourceTree = "<group>"; };
		F2C6C7F51FB457F600CA7616 /* MJRefreshAutoFooter.h */ = {isa = PBXFileReference; lastKnownFileType = sourcecode.c.h; path = MJRefreshAutoFooter.h; sourceTree = "<group>"; };
		F2C6C7F61FB457F600CA7616 /* MJRefreshBackFooter.m */ = {isa = PBXFileReference; lastKnownFileType = sourcecode.c.objc; path = MJRefreshBackFooter.m; sourceTree = "<group>"; };
		F2C6C7F71FB457F600CA7616 /* MJRefreshAutoFooter.m */ = {isa = PBXFileReference; lastKnownFileType = sourcecode.c.objc; path = MJRefreshAutoFooter.m; sourceTree = "<group>"; };
		F2C6C7F81FB457F600CA7616 /* MJRefreshHeader.h */ = {isa = PBXFileReference; lastKnownFileType = sourcecode.c.h; path = MJRefreshHeader.h; sourceTree = "<group>"; };
		F2C6C7F91FB457F600CA7616 /* MJRefreshComponent.m */ = {isa = PBXFileReference; lastKnownFileType = sourcecode.c.objc; path = MJRefreshComponent.m; sourceTree = "<group>"; };
		F2C6C7FA1FB457F600CA7616 /* MJRefreshFooter.h */ = {isa = PBXFileReference; lastKnownFileType = sourcecode.c.h; path = MJRefreshFooter.h; sourceTree = "<group>"; };
		F2C6C7FB1FB457F600CA7616 /* MJRefreshBackFooter.h */ = {isa = PBXFileReference; lastKnownFileType = sourcecode.c.h; path = MJRefreshBackFooter.h; sourceTree = "<group>"; };
		F2C6C7FC1FB4583700CA7616 /* PrefixHeader.pch */ = {isa = PBXFileReference; lastKnownFileType = sourcecode.c.h; path = PrefixHeader.pch; sourceTree = "<group>"; };
		F2C6C7FD1FB45A2200CA7616 /* UIView+AdjustFrame.m */ = {isa = PBXFileReference; lastKnownFileType = sourcecode.c.objc; path = "UIView+AdjustFrame.m"; sourceTree = "<group>"; };
		F2C6C7FE1FB45A2300CA7616 /* UIView+AdjustFrame.h */ = {isa = PBXFileReference; lastKnownFileType = sourcecode.c.h; path = "UIView+AdjustFrame.h"; sourceTree = "<group>"; };
/* End PBXFileReference section */

/* Begin PBXFrameworksBuildPhase section */
		F2C6C79C1FB452BA00CA7616 /* Frameworks */ = {
			isa = PBXFrameworksBuildPhase;
			buildActionMask = 2147483647;
			files = (
			);
			runOnlyForDeploymentPostprocessing = 0;
		};
/* End PBXFrameworksBuildPhase section */

/* Begin PBXGroup section */
		F2C6C7961FB452BA00CA7616 = {
			isa = PBXGroup;
			children = (
				F2C6C7A11FB452BA00CA7616 /* ZCFSelectTool */,
				F2C6C7A01FB452BA00CA7616 /* Products */,
			);
			sourceTree = "<group>";
		};
		F2C6C7A01FB452BA00CA7616 /* Products */ = {
			isa = PBXGroup;
			children = (
				F2C6C79F1FB452BA00CA7616 /* ZCFSelectTool.app */,
			);
			name = Products;
			sourceTree = "<group>";
		};
		F2C6C7A11FB452BA00CA7616 /* ZCFSelectTool */ = {
			isa = PBXGroup;
			children = (
				F2C6C7CD1FB457F600CA7616 /* MJRefresh */,
				F2C6C7CA1FB4572F00CA7616 /* RWInformationTypeCell.h */,
				F2C6C7CB1FB4572F00CA7616 /* RWInformationTypeCell.m */,
				F2C6C7C81FB4566C00CA7616 /* RWInformationTypeModel.h */,
				F2C6C7C71FB4566C00CA7616 /* RWInformationTypeModel.m */,
				F2C6C7C41FB4564900CA7616 /* RWAllInformationTypeModel.h */,
				F2C6C7C51FB4564900CA7616 /* RWAllInformationTypeModel.m */,
				F2C6C7BE1FB4533E00CA7616 /* RWInformationView.h */,
				F2C6C7BF1FB4533E00CA7616 /* RWInformationView.m */,
				F2C6C7BC1FB4532200CA7616 /* RWInformationBtn.h */,
				F2C6C7BB1FB4532200CA7616 /* RWInformationBtn.m */,
				F2C6C7B91FB452EB00CA7616 /* RWAllInformationTypeView.h */,
				F2C6C7B81FB452EA00CA7616 /* RWAllInformationTypeView.m */,
				F2C6C7A21FB452BA00CA7616 /* AppDelegate.h */,
				F2C6C7A31FB452BA00CA7616 /* AppDelegate.m */,
				F2C6C7A51FB452BA00CA7616 /* ViewController.h */,
				F2C6C7A61FB452BA00CA7616 /* ViewController.m */,
				F2C6C7A81FB452BA00CA7616 /* Main.storyboard */,
				F2C6C7AB1FB452BA00CA7616 /* Assets.xcassets */,
				F2C6C7AD1FB452BA00CA7616 /* LaunchScreen.storyboard */,
				F2C6C7B01FB452BA00CA7616 /* Info.plist */,
				F2C6C7B11FB452BA00CA7616 /* main.m */,
				F2C6C7FC1FB4583700CA7616 /* PrefixHeader.pch */,
			);
			path = ZCFSelectTool;
			sourceTree = "<group>";
		};
		F2C6C7CD1FB457F600CA7616 /* MJRefresh */ = {
			isa = PBXGroup;
			children = (
				F2C6C7FE1FB45A2300CA7616 /* UIView+AdjustFrame.h */,
				F2C6C7FD1FB45A2200CA7616 /* UIView+AdjustFrame.m */,
				F2C6C7CE1FB457F600CA7616 /* UIScrollView+MJRefresh.m */,
				F2C6C7CF1FB457F600CA7616 /* MJRefreshConst.m */,
				F2C6C7D01FB457F600CA7616 /* UIScrollView+MJExtension.h */,
				F2C6C7D11FB457F600CA7616 /* MJRefresh.h */,
				F2C6C7D21FB457F600CA7616 /* NSBundle+MJRefresh.h */,
				F2C6C7D31FB457F600CA7616 /* MJRefresh.bundle */,
				F2C6C7D41FB457F600CA7616 /* UIView+MJExtension.h */,
				F2C6C7D51FB457F600CA7616 /* UIScrollView+MJExtension.m */,
				F2C6C7D61FB457F600CA7616 /* MJRefreshConst.h */,
				F2C6C7D71FB457F600CA7616 /* UIScrollView+MJRefresh.h */,
				F2C6C7D81FB457F600CA7616 /* NSBundle+MJRefresh.m */,
				F2C6C7D91FB457F600CA7616 /* UIView+MJExtension.m */,
				F2C6C7DA1FB457F600CA7616 /* Custom */,
				F2C6C7F11FB457F600CA7616 /* Base */,
			);
			path = MJRefresh;
			sourceTree = "<group>";
		};
		F2C6C7DA1FB457F600CA7616 /* Custom */ = {
			isa = PBXGroup;
			children = (
				F2C6C7DB1FB457F600CA7616 /* Footer */,
				F2C6C7EA1FB457F600CA7616 /* Header */,
			);
			path = Custom;
			sourceTree = "<group>";
		};
		F2C6C7DB1FB457F600CA7616 /* Footer */ = {
			isa = PBXGroup;
			children = (
				F2C6C7DC1FB457F600CA7616 /* Back */,
				F2C6C7E31FB457F600CA7616 /* Auto */,
			);
			path = Footer;
			sourceTree = "<group>";
		};
		F2C6C7DC1FB457F600CA7616 /* Back */ = {
			isa = PBXGroup;
			children = (
				F2C6C7DD1FB457F600CA7616 /* MJRefreshBackGifFooter.h */,
				F2C6C7DE1FB457F600CA7616 /* MJRefreshBackStateFooter.h */,
				F2C6C7DF1FB457F600CA7616 /* MJRefreshBackNormalFooter.h */,
				F2C6C7E01FB457F600CA7616 /* MJRefreshBackGifFooter.m */,
				F2C6C7E11FB457F600CA7616 /* MJRefreshBackStateFooter.m */,
				F2C6C7E21FB457F600CA7616 /* MJRefreshBackNormalFooter.m */,
			);
			path = Back;
			sourceTree = "<group>";
		};
		F2C6C7E31FB457F600CA7616 /* Auto */ = {
			isa = PBXGroup;
			children = (
				F2C6C7E41FB457F600CA7616 /* MJRefreshAutoStateFooter.h */,
				F2C6C7E51FB457F600CA7616 /* MJRefreshAutoNormalFooter.h */,
				F2C6C7E61FB457F600CA7616 /* MJRefreshAutoGifFooter.h */,
				F2C6C7E71FB457F600CA7616 /* MJRefreshAutoStateFooter.m */,
				F2C6C7E81FB457F600CA7616 /* MJRefreshAutoGifFooter.m */,
				F2C6C7E91FB457F600CA7616 /* MJRefreshAutoNormalFooter.m */,
			);
			path = Auto;
			sourceTree = "<group>";
		};
		F2C6C7EA1FB457F600CA7616 /* Header */ = {
			isa = PBXGroup;
			children = (
				F2C6C7EB1FB457F600CA7616 /* MJRefreshNormalHeader.m */,
				F2C6C7EC1FB457F600CA7616 /* MJRefreshStateHeader.h */,
				F2C6C7ED1FB457F600CA7616 /* MJRefreshGifHeader.h */,
				F2C6C7EE1FB457F600CA7616 /* MJRefreshNormalHeader.h */,
				F2C6C7EF1FB457F600CA7616 /* MJRefreshStateHeader.m */,
				F2C6C7F01FB457F600CA7616 /* MJRefreshGifHeader.m */,
			);
			path = Header;
			sourceTree = "<group>";
		};
		F2C6C7F11FB457F600CA7616 /* Base */ = {
			isa = PBXGroup;
			children = (
				F2C6C7F21FB457F600CA7616 /* MJRefreshFooter.m */,
				F2C6C7F31FB457F600CA7616 /* MJRefreshComponent.h */,
				F2C6C7F41FB457F600CA7616 /* MJRefreshHeader.m */,
				F2C6C7F51FB457F600CA7616 /* MJRefreshAutoFooter.h */,
				F2C6C7F61FB457F600CA7616 /* MJRefreshBackFooter.m */,
				F2C6C7F71FB457F600CA7616 /* MJRefreshAutoFooter.m */,
				F2C6C7F81FB457F600CA7616 /* MJRefreshHeader.h */,
				F2C6C7F91FB457F600CA7616 /* MJRefreshComponent.m */,
				F2C6C7FA1FB457F600CA7616 /* MJRefreshFooter.h */,
				F2C6C7FB1FB457F600CA7616 /* MJRefreshBackFooter.h */,
			);
			path = Base;
			sourceTree = "<group>";
		};
/* End PBXGroup section */

/* Begin PBXNativeTarget section */
		F2C6C79E1FB452BA00CA7616 /* ZCFSelectTool */ = {
			isa = PBXNativeTarget;
			buildConfigurationList = F2C6C7B51FB452BA00CA7616 /* Build configuration list for PBXNativeTarget "ZCFSelectTool" */;
			buildPhases = (
				F2C6C79B1FB452BA00CA7616 /* Sources */,
				F2C6C79C1FB452BA00CA7616 /* Frameworks */,
				F2C6C79D1FB452BA00CA7616 /* Resources */,
			);
			buildRules = (
			);
			dependencies = (
			);
			name = ZCFSelectTool;
			productName = ZCFSelectTool;
			productReference = F2C6C79F1FB452BA00CA7616 /* ZCFSelectTool.app */;
			productType = "com.apple.product-type.application";
		};
/* End PBXNativeTarget section */

/* Begin PBXProject section */
		F2C6C7971FB452BA00CA7616 /* Project object */ = {
			isa = PBXProject;
			attributes = {
				LastUpgradeCheck = 0900;
				ORGANIZATIONNAME = zcf;
				TargetAttributes = {
					F2C6C79E1FB452BA00CA7616 = {
						CreatedOnToolsVersion = 9.0;
						ProvisioningStyle = Automatic;
					};
				};
			};
			buildConfigurationList = F2C6C79A1FB452BA00CA7616 /* Build configuration list for PBXProject "ZCFSelectTool" */;
			compatibilityVersion = "Xcode 8.0";
			developmentRegion = en;
			hasScannedForEncodings = 0;
			knownRegions = (
				en,
				Base,
			);
			mainGroup = F2C6C7961FB452BA00CA7616;
			productRefGroup = F2C6C7A01FB452BA00CA7616 /* Products */;
			projectDirPath = "";
			projectRoot = "";
			targets = (
				F2C6C79E1FB452BA00CA7616 /* ZCFSelectTool */,
			);
		};
/* End PBXProject section */

/* Begin PBXResourcesBuildPhase section */
		F2C6C79D1FB452BA00CA7616 /* Resources */ = {
			isa = PBXResourcesBuildPhase;
			buildActionMask = 2147483647;
			files = (
				F2C6C7AF1FB452BA00CA7616 /* LaunchScreen.storyboard in Resources */,
				F2C6C7AC1FB452BA00CA7616 /* Assets.xcassets in Resources */,
				F2C6C7AA1FB452BA00CA7616 /* Main.storyboard in Resources */,
			);
			runOnlyForDeploymentPostprocessing = 0;
		};
/* End PBXResourcesBuildPhase section */

/* Begin PBXSourcesBuildPhase section */
		F2C6C79B1FB452BA00CA7616 /* Sources */ = {
			isa = PBXSourcesBuildPhase;
			buildActionMask = 2147483647;
			files = (
				F2C6C7C01FB4533F00CA7616 /* RWInformationView.m in Sources */,
				F2C6C7BD1FB4532200CA7616 /* RWInformationBtn.m in Sources */,
				F2C6C7A71FB452BA00CA7616 /* ViewController.m in Sources */,
				F2C6C7B21FB452BA00CA7616 /* main.m in Sources */,
				F2C6C7BA1FB452EB00CA7616 /* RWAllInformationTypeView.m in Sources */,
				F2C6C7CC1FB4572F00CA7616 /* RWInformationTypeCell.m in Sources */,
				F2C6C7C91FB4566C00CA7616 /* RWInformationTypeModel.m in Sources */,
				F2C6C7C61FB4564900CA7616 /* RWAllInformationTypeModel.m in Sources */,
				F2C6C7A41FB452BA00CA7616 /* AppDelegate.m in Sources */,
			);
			runOnlyForDeploymentPostprocessing = 0;
		};
/* End PBXSourcesBuildPhase section */

/* Begin PBXVariantGroup section */
		F2C6C7A81FB452BA00CA7616 /* Main.storyboard */ = {
			isa = PBXVariantGroup;
			children = (
				F2C6C7A91FB452BA00CA7616 /* Base */,
			);
			name = Main.storyboard;
			sourceTree = "<group>";
		};
		F2C6C7AD1FB452BA00CA7616 /* LaunchScreen.storyboard */ = {
			isa = PBXVariantGroup;
			children = (
				F2C6C7AE1FB452BA00CA7616 /* Base */,
			);
			name = LaunchScreen.storyboard;
			sourceTree = "<group>";
		};
/* End PBXVariantGroup section */

/* Begin XCBuildConfiguration section */
		F2C6C7B31FB452BA00CA7616 /* Debug */ = {
			isa = XCBuildConfiguration;
			buildSettings = {
				ALWAYS_SEARCH_USER_PATHS = NO;
				CLANG_ANALYZER_NONNULL = YES;
				CLANG_ANALYZER_NUMBER_OBJECT_CONVERSION = YES_AGGRESSIVE;
				CLANG_CXX_LANGUAGE_STANDARD = "gnu++14";
				CLANG_CXX_LIBRARY = "libc++";
				CLANG_ENABLE_MODULES = YES;
				CLANG_ENABLE_OBJC_ARC = YES;
				CLANG_WARN_BLOCK_CAPTURE_AUTORELEASING = YES;
				CLANG_WARN_BOOL_CONVERSION = YES;
				CLANG_WARN_COMMA = YES;
				CLANG_WARN_CONSTANT_CONVERSION = YES;
				CLANG_WARN_DIRECT_OBJC_ISA_USAGE = YES_ERROR;
				CLANG_WARN_DOCUMENTATION_COMMENTS = YES;
				CLANG_WARN_EMPTY_BODY = YES;
				CLANG_WARN_ENUM_CONVERSION = YES;
				CLANG_WARN_INFINITE_RECURSION = YES;
				CLANG_WARN_INT_CONVERSION = YES;
				CLANG_WARN_NON_LITERAL_NULL_CONVERSION = YES;
				CLANG_WARN_OBJC_LITERAL_CONVERSION = YES;
				CLANG_WARN_OBJC_ROOT_CLASS = YES_ERROR;
				CLANG_WARN_RANGE_LOOP_ANALYSIS = YES;
				CLANG_WARN_STRICT_PROTOTYPES = YES;
				CLANG_WARN_SUSPICIOUS_MOVE = YES;
				CLANG_WARN_UNGUARDED_AVAILABILITY = YES_AGGRESSIVE;
				CLANG_WARN_UNREACHABLE_CODE = YES;
				CLANG_WARN__DUPLICATE_METHOD_MATCH = YES;
				CODE_SIGN_IDENTITY = "iPhone Developer";
				COPY_PHASE_STRIP = NO;
				DEBUG_INFORMATION_FORMAT = dwarf;
				ENABLE_STRICT_OBJC_MSGSEND = YES;
				ENABLE_TESTABILITY = YES;
				GCC_C_LANGUAGE_STANDARD = gnu11;
				GCC_DYNAMIC_NO_PIC = NO;
				GCC_NO_COMMON_BLOCKS = YES;
				GCC_OPTIMIZATION_LEVEL = 0;
				GCC_PREPROCESSOR_DEFINITIONS = (
					"DEBUG=1",
					"$(inherited)",
				);
				GCC_WARN_64_TO_32_BIT_CONVERSION = YES;
				GCC_WARN_ABOUT_RETURN_TYPE = YES_ERROR;
				GCC_WARN_UNDECLARED_SELECTOR = YES;
				GCC_WARN_UNINITIALIZED_AUTOS = YES_AGGRESSIVE;
				GCC_WARN_UNUSED_FUNCTION = YES;
				GCC_WARN_UNUSED_VARIABLE = YES;
				IPHONEOS_DEPLOYMENT_TARGET = 11.0;
				MTL_ENABLE_DEBUG_INFO = YES;
				ONLY_ACTIVE_ARCH = YES;
				SDKROOT = iphoneos;
			};
			name = Debug;
		};
		F2C6C7B41FB452BA00CA7616 /* Release */ = {
			isa = XCBuildConfiguration;
			buildSettings = {
				ALWAYS_SEARCH_USER_PATHS = NO;
				CLANG_ANALYZER_NONNULL = YES;
				CLANG_ANALYZER_NUMBER_OBJECT_CONVERSION = YES_AGGRESSIVE;
				CLANG_CXX_LANGUAGE_STANDARD = "gnu++14";
				CLANG_CXX_LIBRARY = "libc++";
				CLANG_ENABLE_MODULES = YES;
				CLANG_ENABLE_OBJC_ARC = YES;
				CLANG_WARN_BLOCK_CAPTURE_AUTORELEASING = YES;
				CLANG_WARN_BOOL_CONVERSION = YES;
				CLANG_WARN_COMMA = YES;
				CLANG_WARN_CONSTANT_CONVERSION = YES;
				CLANG_WARN_DIRECT_OBJC_ISA_USAGE = YES_ERROR;
				CLANG_WARN_DOCUMENTATION_COMMENTS = YES;
				CLANG_WARN_EMPTY_BODY = YES;
				CLANG_WARN_ENUM_CONVERSION = YES;
				CLANG_WARN_INFINITE_RECURSION = YES;
				CLANG_WARN_INT_CONVERSION = YES;
				CLANG_WARN_NON_LITERAL_NULL_CONVERSION = YES;
				CLANG_WARN_OBJC_LITERAL_CONVERSION = YES;
				CLANG_WARN_OBJC_ROOT_CLASS = YES_ERROR;
				CLANG_WARN_RANGE_LOOP_ANALYSIS = YES;
				CLANG_WARN_STRICT_PROTOTYPES = YES;
				CLANG_WARN_SUSPICIOUS_MOVE = YES;
				CLANG_WARN_UNGUARDED_AVAILABILITY = YES_AGGRESSIVE;
				CLANG_WARN_UNREACHABLE_CODE = YES;
				CLANG_WARN__DUPLICATE_METHOD_MATCH = YES;
				CODE_SIGN_IDENTITY = "iPhone Developer";
				COPY_PHASE_STRIP = NO;
				DEBUG_INFORMATION_FORMAT = "dwarf-with-dsym";
				ENABLE_NS_ASSERTIONS = NO;
				ENABLE_STRICT_OBJC_MSGSEND = YES;
				GCC_C_LANGUAGE_STANDARD = gnu11;
				GCC_NO_COMMON_BLOCKS = YES;
				GCC_WARN_64_TO_32_BIT_CONVERSION = YES;
				GCC_WARN_ABOUT_RETURN_TYPE = YES_ERROR;
				GCC_WARN_UNDECLARED_SELECTOR = YES;
				GCC_WARN_UNINITIALIZED_AUTOS = YES_AGGRESSIVE;
				GCC_WARN_UNUSED_FUNCTION = YES;
				GCC_WARN_UNUSED_VARIABLE = YES;
				IPHONEOS_DEPLOYMENT_TARGET = 11.0;
				MTL_ENABLE_DEBUG_INFO = NO;
				SDKROOT = iphoneos;
				VALIDATE_PRODUCT = YES;
			};
			name = Release;
		};
		F2C6C7B61FB452BA00CA7616 /* Debug */ = {
			isa = XCBuildConfiguration;
			buildSettings = {
				ASSETCATALOG_COMPILER_APPICON_NAME = AppIcon;
				CODE_SIGN_STYLE = Automatic;
				GCC_PRECOMPILE_PREFIX_HEADER = YES;
				GCC_PREFIX_HEADER = "$(SRCROOT)/ZCFSelectTool/PrefixHeader.pch";
				INFOPLIST_FILE = ZCFSelectTool/Info.plist;
				LD_RUNPATH_SEARCH_PATHS = "$(inherited) @executable_path/Frameworks";
				PRODUCT_BUNDLE_IDENTIFIER = "com.zcf.-selectTool.ZCFSelectTool";
				PRODUCT_NAME = "$(TARGET_NAME)";
				TARGETED_DEVICE_FAMILY = "1,2";
			};
			name = Debug;
		};
		F2C6C7B71FB452BA00CA7616 /* Release */ = {
			isa = XCBuildConfiguration;
			buildSettings = {
				ASSETCATALOG_COMPILER_APPICON_NAME = AppIcon;
				CODE_SIGN_STYLE = Automatic;
				ENABLE_NS_ASSERTIONS = NO;
				GCC_PRECOMPILE_PREFIX_HEADER = YES;
				GCC_PREFIX_HEADER = "$(SRCROOT)/ZCFSelectTool/PrefixHeader.pch";
				INFOPLIST_FILE = ZCFSelectTool/Info.plist;
				LD_RUNPATH_SEARCH_PATHS = "$(inherited) @executable_path/Frameworks";
				PRODUCT_BUNDLE_IDENTIFIER = "com.zcf.-selectTool.ZCFSelectTool";
				PRODUCT_NAME = "$(TARGET_NAME)";
				TARGETED_DEVICE_FAMILY = "1,2";
			};
			name = Release;
		};
/* End XCBuildConfiguration section */

/* Begin XCConfigurationList section */
		F2C6C79A1FB452BA00CA7616 /* Build configuration list for PBXProject "ZCFSelectTool" */ = {
			isa = XCConfigurationList;
			buildConfigurations = (
				F2C6C7B31FB452BA00CA7616 /* Debug */,
				F2C6C7B41FB452BA00CA7616 /* Release */,
			);
			defaultConfigurationIsVisible = 0;
			defaultConfigurationName = Release;
		};
		F2C6C7B51FB452BA00CA7616 /* Build configuration list for PBXNativeTarget "ZCFSelectTool" */ = {
			isa = XCConfigurationList;
			buildConfigurations = (
				F2C6C7B61FB452BA00CA7616 /* Debug */,
				F2C6C7B71FB452BA00CA7616 /* Release */,
			);
			defaultConfigurationIsVisible = 0;
			defaultConfigurationName = Release;
		};
/* End XCConfigurationList section */
	};
	rootObject = F2C6C7971FB452BA00CA7616 /* Project object */;
}
